
Microsoft Visual Studio Solution File, Format Version 12.00
# Visual Studio Version 16
VisualStudioVersion = 16.0.31515.178
MinimumVisualStudioVersion = 10.0.40219.1
Project("{FAE04EC0-301F-11D3-BF4B-00C04F79EFBC}") = "Testing-Poc-Healthcare", "Testing-Poc-Healthcare.csproj", "{8629F785-72F6-48B0-B8C4-418164C6F0EA}"
EndProject
Global
	GlobalSection(SolutionConfigurationPlatforms) = preSolution
		Debug|Any CPU = Debug|Any CPU
		Release|Any CPU = Release|Any CPU
	EndGlobalSection
	GlobalSection(ProjectConfigurationPlatforms) = postSolution
		{8629F785-72F6-48B0-B8C4-418164C6F0EA}.Debug|Any CPU.ActiveCfg = Debug|Any CPU
		{8629F785-72F6-48B0-B8C4-418164C6F0EA}.Debug|Any CPU.Build.0 = Debug|Any CPU
		{8629F785-72F6-48B0-B8C4-418164C6F0EA}.Release|Any CPU.ActiveCfg = Release|Any CPU
		{8629F785-72F6-48B0-B8C4-418164C6F0EA}.Release|Any CPU.Build.0 = Release|Any CPU
	EndGlobalSection
	GlobalSection(SolutionProperties) = preSolution
		HideSolutionNode = FALSE
	EndGlobalSection
	GlobalSection(ExtensibilityGlobals) = postSolution
		SolutionGuid = {850C3123-58B2-4EB2-83BA-D15BB84C0147}
	EndGlobalSection
EndGlobal
